
Microsoft Visual Studio Solution File, Format Version 12.00
# Visual Studio Version 16
VisualStudioVersion = 25.0.1700.5
MinimumVisualStudioVersion = 10.0.40219.1
Project("{FAE04EC0-301F-11D3-BF4B-00C04F79EFBC}") = "GradeBook", "GradeBook.csproj", "{AEE24C56-EC18-4C3E-98B2-4577A8B0A3ED}"
EndProject
Project("{9344BDBB-3E7F-41FC-A0DD-8665D75EE146}") = "Book", "Book\Book.csproj", "{CE768CE9-14C5-468F-9E9E-FBEA4D9B6044}"
EndProject
Project("{FAE04EC0-301F-11D3-BF4B-00C04F79EFBC}") = "GradeBook.Tests", "..\..\test\GradeBook.Tests\GradeBook.Tests.csproj", "{993C82CB-F6D6-465D-90A9-0CC50E00C80D}"
EndProject
Project("{2150E333-8FDC-42A3-9474-1A3956D46DE8}") = "New Folder", "New Folder", "{701E5E79-2BD7-499A-A6A4-A78B76DDD0BC}"
EndProject
Project("{2150E333-8FDC-42A3-9474-1A3956D46DE8}") = "Solution Items", "Solution Items", "{8A6EFC19-B54B-4C0B-BCEA-A9DCAEFF2402}"
	ProjectSection(SolutionItems) = preProject
		GradeBook.sln = GradeBook.sln
	EndProjectSection
EndProject
Global
	GlobalSection(SolutionConfigurationPlatforms) = preSolution
		Debug|Any CPU = Debug|Any CPU
		Release|Any CPU = Release|Any CPU
	EndGlobalSection
	GlobalSection(ProjectConfigurationPlatforms) = postSolution
		{AEE24C56-EC18-4C3E-98B2-4577A8B0A3ED}.Debug|Any CPU.ActiveCfg = Debug|Any CPU
		{AEE24C56-EC18-4C3E-98B2-4577A8B0A3ED}.Debug|Any CPU.Build.0 = Debug|Any CPU
		{AEE24C56-EC18-4C3E-98B2-4577A8B0A3ED}.Release|Any CPU.ActiveCfg = Release|Any CPU
		{AEE24C56-EC18-4C3E-98B2-4577A8B0A3ED}.Release|Any CPU.Build.0 = Release|Any CPU
		{CE768CE9-14C5-468F-9E9E-FBEA4D9B6044}.Debug|Any CPU.ActiveCfg = Debug|Any CPU
		{CE768CE9-14C5-468F-9E9E-FBEA4D9B6044}.Debug|Any CPU.Build.0 = Debug|Any CPU
		{CE768CE9-14C5-468F-9E9E-FBEA4D9B6044}.Release|Any CPU.ActiveCfg = Release|Any CPU
		{CE768CE9-14C5-468F-9E9E-FBEA4D9B6044}.Release|Any CPU.Build.0 = Release|Any CPU
		{993C82CB-F6D6-465D-90A9-0CC50E00C80D}.Debug|Any CPU.ActiveCfg = Debug|Any CPU
		{993C82CB-F6D6-465D-90A9-0CC50E00C80D}.Debug|Any CPU.Build.0 = Debug|Any CPU
		{993C82CB-F6D6-465D-90A9-0CC50E00C80D}.Release|Any CPU.ActiveCfg = Release|Any CPU
		{993C82CB-F6D6-465D-90A9-0CC50E00C80D}.Release|Any CPU.Build.0 = Release|Any CPU
	EndGlobalSection
	GlobalSection(SolutionProperties) = preSolution
		HideSolutionNode = FALSE
	EndGlobalSection
	GlobalSection(ExtensibilityGlobals) = postSolution
		SolutionGuid = {C61C8C92-A9F5-43BF-8CBC-8257E95BB6F7}
	EndGlobalSection
EndGlobal
